
Microsoft Visual Studio Solution File, Format Version 12.00
# Visual Studio 15
VisualStudioVersion = 15.0.28307.421
MinimumVisualStudioVersion = 10.0.40219.1
Project("{2150E333-8FDC-42A3-9474-1A3956D46DE8}") = "0_thirdparty", "0_thirdparty", "{376ADE30-A5AC-4668-A892-E069A70A624C}"
EndProject
Project("{2150E333-8FDC-42A3-9474-1A3956D46DE8}") = "0_lib", "0_lib", "{18240EC3-4F23-41DD-80EF-870873D818C4}"
EndProject
Project("{2150E333-8FDC-42A3-9474-1A3956D46DE8}") = "1_demo", "1_demo", "{E9D240E3-204C-4FCA-98C7-9ABFF5877FC3}"
EndProject
Project("{8BC9CEB8-8B4A-11D0-8D11-00A0C91BC942}") = "libeay32", "thirdparty\openssl-1.0.1g\libeay32.vcxproj", "{70ABE75C-FBC2-4C82-9103-B952FA5CD168}"
EndProject
Project("{2150E333-8FDC-42A3-9474-1A3956D46DE8}") = "apps", "apps", "{23C5D86E-3C62-492E-8D97-9F12A1D29750}"
EndProject
Project("{2150E333-8FDC-42A3-9474-1A3956D46DE8}") = "engines", "engines", "{1FFB41FE-59D2-4A9E-AC1A-491D6BDFF83F}"
EndProject
Project("{8BC9CEB8-8B4A-11D0-8D11-00A0C91BC942}") = "4758cca", "demo\engines\4758cca\4758cca.vcxproj", "{1044BA63-D9E0-4674-BD20-F4CD28CEC9E9}"
EndProject
Project("{8BC9CEB8-8B4A-11D0-8D11-00A0C91BC942}") = "aep", "demo\engines\aep\aep.vcxproj", "{1E0A26D7-F00A-4EC1-8FE3-2DF8AD31116C}"
EndProject
Project("{8BC9CEB8-8B4A-11D0-8D11-00A0C91BC942}") = "asn1parse", "demo\apps\asn1parse\asn1parse.vcxproj", "{12786EB2-9295-4956-B342-483B92A2655D}"
EndProject
Project("{8BC9CEB8-8B4A-11D0-8D11-00A0C91BC942}") = "atalla", "demo\engines\atalla\atalla.vcxproj", "{B24E41A0-81C5-457B-92A4-8F150C2C5B0F}"
EndProject
Project("{2150E333-8FDC-42A3-9474-1A3956D46DE8}") = "crypto", "crypto", "{87C207D0-C160-40F0-86AD-4E8E11DCB2B7}"
EndProject
Project("{8BC9CEB8-8B4A-11D0-8D11-00A0C91BC942}") = "bntest", "demo\crypto\bn\bntest.vcxproj", "{C6ABF92A-C972-4592-9649-53E4FFC66DBA}"
EndProject
Project("{8BC9CEB8-8B4A-11D0-8D11-00A0C91BC942}") = "bftest", "demo\crypto\bf\bftest.vcxproj", "{6B583F9D-D886-44B5-9437-D41F3A46422D}"
EndProject
Project("{8BC9CEB8-8B4A-11D0-8D11-00A0C91BC942}") = "ca", "demo\apps\ca\ca.vcxproj", "{CDA7DE5E-64CA-4074-8313-B96F62DE9BAD}"
EndProject
Project("{8BC9CEB8-8B4A-11D0-8D11-00A0C91BC942}") = "capi", "demo\engines\capi\capi.vcxproj", "{000B6E03-0A21-43AF-AB9E-B10215F97372}"
EndProject
Project("{8BC9CEB8-8B4A-11D0-8D11-00A0C91BC942}") = "casttest", "demo\crypto\cast\casttest.vcxproj", "{7CE02388-A2B2-437B-9C9E-40D5989FA47B}"
EndProject
Project("{8BC9CEB8-8B4A-11D0-8D11-00A0C91BC942}") = "chil", "demo\engines\chil\chil.vcxproj", "{261BAB21-8E90-4EEB-B507-7281D65A5673}"
EndProject
Project("{8BC9CEB8-8B4A-11D0-8D11-00A0C91BC942}") = "ciphers", "demo\apps\ciphers\ciphers.vcxproj", "{6BD58CDE-4117-4100-8F39-1983B0F35F19}"
EndProject
Project("{8BC9CEB8-8B4A-11D0-8D11-00A0C91BC942}") = "cms", "demo\apps\cms\cms.vcxproj", "{330526E6-0FBC-412A-8427-BCB2035DF5AA}"
EndProject
Project("{8BC9CEB8-8B4A-11D0-8D11-00A0C91BC942}") = "crl", "demo\apps\crl\crl.vcxproj", "{C14B8F56-AEDD-41B3-8DE7-E7FDE8D7C968}"
EndProject
Project("{8BC9CEB8-8B4A-11D0-8D11-00A0C91BC942}") = "cswift", "demo\engines\cswift\cswift.vcxproj", "{E64A4F2A-9E54-4922-864A-F16AF507F87F}"
EndProject
Project("{8BC9CEB8-8B4A-11D0-8D11-00A0C91BC942}") = "destest", "demo\crypto\des\destest.vcxproj", "{CEA1937F-38CC-429C-9E70-72BE243BCF69}"
EndProject
Project("{8BC9CEB8-8B4A-11D0-8D11-00A0C91BC942}") = "dgst", "demo\apps\dgst\dgst.vcxproj", "{CF3A91F8-6144-4627-8CCA-13F6B2E5965F}"
EndProject
Project("{8BC9CEB8-8B4A-11D0-8D11-00A0C91BC942}") = "crl2p7", "demo\apps\crl2p7\crl2p7.vcxproj", "{8D352A30-94B5-4809-A332-34D49B6AEE1E}"
EndProject
Project("{8BC9CEB8-8B4A-11D0-8D11-00A0C91BC942}") = "dh", "demo\apps\dh\dh.vcxproj", "{E21BD75D-E9D3-4958-B498-ED6E9F7DCB73}"
EndProject
Project("{8BC9CEB8-8B4A-11D0-8D11-00A0C91BC942}") = "dhparam", "demo\apps\dhparam\dhparam.vcxproj", "{55FD7C72-3C86-48E2-B721-C5D142DC7441}"
EndProject
Project("{8BC9CEB8-8B4A-11D0-8D11-00A0C91BC942}") = "dsa", "demo\apps\dsa\dsa.vcxproj", "{066B38BA-0EC4-4B34-A0D7-84A8895A0B5E}"
EndProject
Project("{8BC9CEB8-8B4A-11D0-8D11-00A0C91BC942}") = "dsaparam", "demo\apps\dsaparam\dsaparam.vcxproj", "{D93E394F-7ADA-4970-B909-3BC68F62B529}"
EndProject
Project("{8BC9CEB8-8B4A-11D0-8D11-00A0C91BC942}") = "enc", "demo\apps\enc\enc.vcxproj", "{3389A9FE-6E6D-4BD1-9617-BC820E18AB63}"
EndProject
Project("{8BC9CEB8-8B4A-11D0-8D11-00A0C91BC942}") = "engine", "demo\apps\engine\engine.vcxproj", "{C12C45D4-0BF6-49A8-9190-0531D8246DF8}"
EndProject
Project("{8BC9CEB8-8B4A-11D0-8D11-00A0C91BC942}") = "errstr", "demo\apps\errstr\errstr.vcxproj", "{CDD502B5-F2E5-449D-8CE2-238277632F57}"
EndProject
Project("{8BC9CEB8-8B4A-11D0-8D11-00A0C91BC942}") = "gendh", "demo\apps\gendh\gendh.vcxproj", "{564C5FEA-ED6B-44C8-98E0-CB5E6C556551}"
EndProject
Project("{8BC9CEB8-8B4A-11D0-8D11-00A0C91BC942}") = "gendsa", "demo\apps\gendsa\gendsa.vcxproj", "{50650F29-D04B-4DC8-B5A2-DEB00CC28841}"
EndProject
Project("{8BC9CEB8-8B4A-11D0-8D11-00A0C91BC942}") = "genpkey", "demo\apps\genpkey\genpkey.vcxproj", "{BC7C8767-5F83-4EE9-B5C0-C048C0CC53A8}"
EndProject
Project("{8BC9CEB8-8B4A-11D0-8D11-00A0C91BC942}") = "genrsa", "demo\apps\genrsa\genrsa.vcxproj", "{03A765A3-9DFA-4021-9A33-09EF44D072F6}"
EndProject
Project("{8BC9CEB8-8B4A-11D0-8D11-00A0C91BC942}") = "nseq", "demo\apps\nseq\nseq.vcxproj", "{2FE2C73E-FCA8-4CBC-85E3-851CFABCE5EA}"
EndProject
Project("{8BC9CEB8-8B4A-11D0-8D11-00A0C91BC942}") = "ocsp", "demo\apps\ocsp\ocsp.vcxproj", "{2B55AC20-8267-4E68-8A48-7ECC6B2A8F3D}"
EndProject
Project("{8BC9CEB8-8B4A-11D0-8D11-00A0C91BC942}") = "passwd", "demo\apps\passwd\passwd.vcxproj", "{E77CE94B-7501-43B3-9E7B-0153F3FD7813}"
EndProject
Project("{8BC9CEB8-8B4A-11D0-8D11-00A0C91BC942}") = "pkcs7", "demo\apps\pkcs7\pkcs7.vcxproj", "{28BA5007-2107-419B-A1E7-54BAA87E048A}"
EndProject
Project("{8BC9CEB8-8B4A-11D0-8D11-00A0C91BC942}") = "pkcs8", "demo\apps\pkcs8\pkcs8.vcxproj", "{9CEB91E8-028F-477F-80E8-760AFF8D833A}"
EndProject
Project("{8BC9CEB8-8B4A-11D0-8D11-00A0C91BC942}") = "pkcs12", "demo\apps\pkcs12\pkcs12.vcxproj", "{47169D4D-8167-408F-BCAF-4C469EA8153D}"
EndProject
Project("{8BC9CEB8-8B4A-11D0-8D11-00A0C91BC942}") = "rand", "demo\apps\rand\rand.vcxproj", "{D694624B-CB11-4E12-B62F-31576309C9FC}"
EndProject
Project("{8BC9CEB8-8B4A-11D0-8D11-00A0C91BC942}") = "req", "demo\apps\req\req.vcxproj", "{784C1694-7E5B-49B4-844E-E538F21594A5}"
EndProject
Project("{8BC9CEB8-8B4A-11D0-8D11-00A0C91BC942}") = "rsa", "demo\apps\rsa\rsa.vcxproj", "{DC2A83D6-39EC-4652-8B3A-AEC53251A147}"
EndProject
Project("{8BC9CEB8-8B4A-11D0-8D11-00A0C91BC942}") = "rsautl", "demo\apps\rsautl\rsautl.vcxproj", "{7CE4180F-8142-49D1-93B8-DF40C9FBB079}"
EndProject
Project("{8BC9CEB8-8B4A-11D0-8D11-00A0C91BC942}") = "sess_id", "demo\apps\sess_id\sess_id.vcxproj", "{B932DA11-9874-434B-8398-CFB17A7C1AC3}"
EndProject
Project("{8BC9CEB8-8B4A-11D0-8D11-00A0C91BC942}") = "smime", "demo\apps\smime\smime.vcxproj", "{70E04838-DDE0-46EB-9990-FE413776408D}"
EndProject
Project("{8BC9CEB8-8B4A-11D0-8D11-00A0C91BC942}") = "speed", "demo\apps\speed\speed.vcxproj", "{124C49DE-AC30-4246-81FB-D7CBBE49DB98}"
EndProject
Project("{8BC9CEB8-8B4A-11D0-8D11-00A0C91BC942}") = "spkac", "demo\apps\spkac\spkac.vcxproj", "{049DBB61-9629-41ED-AC0C-8EC6A8A691A7}"
EndProject
Project("{8BC9CEB8-8B4A-11D0-8D11-00A0C91BC942}") = "verify", "demo\apps\verify\verify.vcxproj", "{3F63B8DA-76DD-4B5B-9F5A-DFFCD325752B}"
EndProject
Project("{8BC9CEB8-8B4A-11D0-8D11-00A0C91BC942}") = "version", "demo\apps\version\version.vcxproj", "{82588969-A1FD-4025-8554-09D0940FCFF7}"
EndProject
Project("{8BC9CEB8-8B4A-11D0-8D11-00A0C91BC942}") = "x509", "demo\apps\x509\x509.vcxproj", "{738CB610-B16F-4030-ADDA-1A4C4F40BCA4}"
EndProject
Project("{8BC9CEB8-8B4A-11D0-8D11-00A0C91BC942}") = "s_client", "demo\apps\socket\s_client.vcxproj", "{222637EF-DCBD-460E-B58C-047F858D7F02}"
EndProject
Project("{8BC9CEB8-8B4A-11D0-8D11-00A0C91BC942}") = "s_server", "demo\apps\socket\s_server.vcxproj", "{0CA9B8A6-8932-4338-8FC2-5640D5390726}"
EndProject
Project("{8BC9CEB8-8B4A-11D0-8D11-00A0C91BC942}") = "s_time", "demo\apps\socket\s_time.vcxproj", "{021FA9E3-67CD-4E7F-A1BB-6826E31B41FA}"
EndProject
Project("{8BC9CEB8-8B4A-11D0-8D11-00A0C91BC942}") = "ec", "demo\apps\ec\ec.vcxproj", "{CD940D15-C186-4F71-9C7C-65A56B32064D}"
EndProject
Project("{8BC9CEB8-8B4A-11D0-8D11-00A0C91BC942}") = "ecparam", "demo\apps\ecparam\ecparam.vcxproj", "{75BF026C-3B5F-49D0-82F7-A3528BD9581D}"
EndProject
Project("{8BC9CEB8-8B4A-11D0-8D11-00A0C91BC942}") = "md4", "demo\apps\md4\md4.vcxproj", "{FFB0E9A5-8305-44BD-BB61-86AADEDEC60D}"
EndProject
Project("{8BC9CEB8-8B4A-11D0-8D11-00A0C91BC942}") = "ocsp_org", "demo\apps\ocsp_org\ocsp_org.vcxproj", "{FC9711A6-3E83-4B79-B2BB-0976E15CA92B}"
EndProject
Project("{8BC9CEB8-8B4A-11D0-8D11-00A0C91BC942}") = "pkey", "demo\apps\pkey\pkey.vcxproj", "{0302CCA6-4519-4B05-9F85-97634A4CA99E}"
EndProject
Project("{8BC9CEB8-8B4A-11D0-8D11-00A0C91BC942}") = "pkeyparam", "demo\apps\pkeyparam\pkeyparam.vcxproj", "{D4ED404E-DE52-47B7-BB0B-EEA7FD7C6A2D}"
EndProject
Project("{8BC9CEB8-8B4A-11D0-8D11-00A0C91BC942}") = "pkeyutl", "demo\apps\pkeyutl\pkeyutl.vcxproj", "{D0826FDE-96A3-4B85-BEFD-375D506811E4}"
EndProject
Project("{8BC9CEB8-8B4A-11D0-8D11-00A0C91BC942}") = "prime", "demo\apps\prime\prime.vcxproj", "{00C2137B-0425-4C2C-AA25-C1A2A47A8779}"
EndProject
Project("{8BC9CEB8-8B4A-11D0-8D11-00A0C91BC942}") = "srp", "demo\apps\srp\srp.vcxproj", "{12337C9B-826E-4788-ADF6-7D99630C77CB}"
EndProject
Project("{8BC9CEB8-8B4A-11D0-8D11-00A0C91BC942}") = "ts", "demo\apps\ts\ts.vcxproj", "{5329BFF3-50AE-4F64-AA0C-3237ED6DB651}"
EndProject
Project("{8BC9CEB8-8B4A-11D0-8D11-00A0C91BC942}") = "winrand", "demo\apps\winrand\winrand.vcxproj", "{E55D4AAC-3083-482F-9ACC-CAB6A899D28B}"
EndProject
Project("{8BC9CEB8-8B4A-11D0-8D11-00A0C91BC942}") = "dgst_org", "demo\apps\dgst_org\dgst_org.vcxproj", "{738A5FB9-8211-4D46-9FA1-AC608E2DC2F6}"
EndProject
Project("{2150E333-8FDC-42A3-9474-1A3956D46DE8}") = "1_exe", "1_exe", "{52F12F16-8172-4264-9FFB-0CBE4203ED59}"
EndProject
Project("{8BC9CEB8-8B4A-11D0-8D11-00A0C91BC942}") = "openssl", "thirdparty\openssl-1.0.1g\apps\openssl.vcxproj", "{D28C0ECF-2CAC-477B-A9A2-5618024BD8B4}"
	ProjectSection(ProjectDependencies) = postProject
		{70ABE75C-FBC2-4C82-9103-B952FA5CD168} = {70ABE75C-FBC2-4C82-9103-B952FA5CD168}
		{24265BD3-3CF3-41A9-B137-53DBEC0F53BF} = {24265BD3-3CF3-41A9-B137-53DBEC0F53BF}
	EndProjectSection
EndProject
Project("{8BC9CEB8-8B4A-11D0-8D11-00A0C91BC942}") = "gmp", "demo\engines\gmp\gmp.vcxproj", "{F39D37D9-EC2F-4718-99AD-96AE0F23EB75}"
EndProject
Project("{8BC9CEB8-8B4A-11D0-8D11-00A0C91BC942}") = "nuron", "demo\engines\nuron\nuron.vcxproj", "{3BC2F274-6EA2-4711-AC25-917F468CAF77}"
EndProject
Project("{8BC9CEB8-8B4A-11D0-8D11-00A0C91BC942}") = "padlock", "demo\engines\padlock\padlock.vcxproj", "{7FBDB4E6-DF45-4A69-AEB9-1F0735B6F896}"
EndProject
Project("{8BC9CEB8-8B4A-11D0-8D11-00A0C91BC942}") = "sureware", "demo\engines\sureware\sureware.vcxproj", "{45D3C378-FBF1-46B0-88CA-98F2480BDFE9}"
EndProject
Project("{8BC9CEB8-8B4A-11D0-8D11-00A0C91BC942}") = "ubsec", "demo\engines\ubsec\ubsec.vcxproj", "{12D79C3D-4496-42D2-8F19-50DAAF5A81B8}"
EndProject
Project("{2150E333-8FDC-42A3-9474-1A3956D46DE8}") = "ssl", "ssl", "{EF590F2B-EF0A-4B15-AF9E-B8B0EA3B13D0}"
EndProject
Project("{8BC9CEB8-8B4A-11D0-8D11-00A0C91BC942}") = "ssltest", "demo\ssl\ssltest.vcxproj", "{06B1E39D-5206-49A0-9CB6-A797F15D6E62}"
EndProject
Project("{8BC9CEB8-8B4A-11D0-8D11-00A0C91BC942}") = "dhtest", "demo\crypto\dh\dhtest.vcxproj", "{6974DDE2-E0CD-47FF-9F19-527512074ED3}"
EndProject
Project("{8BC9CEB8-8B4A-11D0-8D11-00A0C91BC942}") = "dsatest", "demo\crypto\dsa\dsatest.vcxproj", "{0A4EF84C-DE65-4368-9B18-29EF9E327A7A}"
EndProject
Project("{8BC9CEB8-8B4A-11D0-8D11-00A0C91BC942}") = "ectest", "demo\crypto\ec\ectest.vcxproj", "{4AF998F6-81B2-48BD-8A86-81CB0878AA66}"
EndProject
Project("{8BC9CEB8-8B4A-11D0-8D11-00A0C91BC942}") = "ecdhtest", "demo\crypto\ecdh\ecdhtest.vcxproj", "{C8A873F7-B592-4B59-A6E5-F1730F534C27}"
EndProject
Project("{8BC9CEB8-8B4A-11D0-8D11-00A0C91BC942}") = "ecdsatest", "demo\crypto\ecdsa\ecdsatest.vcxproj", "{5FB6BCA9-36B9-43E4-A542-3E278A4ED1D1}"
EndProject
Project("{8BC9CEB8-8B4A-11D0-8D11-00A0C91BC942}") = "enginetest", "demo\crypto\engine\enginetest.vcxproj", "{3A588793-F27C-478B-9BC7-79188EE4EC82}"
EndProject
Project("{8BC9CEB8-8B4A-11D0-8D11-00A0C91BC942}") = "evptest", "demo\crypto\evp\evptest.vcxproj", "{44242473-294B-4579-A82B-6916F2D06DF8}"
EndProject
Project("{8BC9CEB8-8B4A-11D0-8D11-00A0C91BC942}") = "hmactest", "demo\crypto\hmac\hmactest.vcxproj", "{64B0DCE6-106F-4F04-82FC-97875B214E97}"
EndProject
Project("{8BC9CEB8-8B4A-11D0-8D11-00A0C91BC942}") = "ideatest", "demo\crypto\idea\ideatest.vcxproj", "{F3A7BDA0-AA05-4216-B02C-E57292321A0A}"
EndProject
Project("{8BC9CEB8-8B4A-11D0-8D11-00A0C91BC942}") = "md2test", "demo\crypto\md2\md2test.vcxproj", "{AD5848B9-D9D3-4C5F-BA51-96B3A1D4E4AB}"
EndProject
Project("{8BC9CEB8-8B4A-11D0-8D11-00A0C91BC942}") = "md4test", "demo\crypto\md4\md4test.vcxproj", "{0C735929-2B68-45D5-82BD-5F1E2CD66501}"
EndProject
Project("{8BC9CEB8-8B4A-11D0-8D11-00A0C91BC942}") = "md5test", "demo\crypto\md5\md5test.vcxproj", "{F10C1C0B-E58E-42A8-B151-0A069E503173}"
EndProject
Project("{8BC9CEB8-8B4A-11D0-8D11-00A0C91BC942}") = "mdc2test", "demo\crypto\mdc2\mdc2test.vcxproj", "{52F5010F-768E-4206-9EF6-C1ED30F8F8A1}"
EndProject
Project("{8BC9CEB8-8B4A-11D0-8D11-00A0C91BC942}") = "randtest", "demo\crypto\rand\randtest.vcxproj", "{0A113937-4FC5-4649-96F1-AF1E91CA93CE}"
EndProject
Project("{8BC9CEB8-8B4A-11D0-8D11-00A0C91BC942}") = "rc2test", "demo\crypto\rc2\rc2test.vcxproj", "{95AE939C-F0F7-48C8-B1DC-0B5AD181CFD6}"
EndProject
Project("{8BC9CEB8-8B4A-11D0-8D11-00A0C91BC942}") = "rc4test", "demo\crypto\rc4\rc4test.vcxproj", "{CDD074EB-5273-4FC3-A7B1-E2D7B79F16FE}"
EndProject
Project("{8BC9CEB8-8B4A-11D0-8D11-00A0C91BC942}") = "rc5test", "demo\crypto\rc5\rc5test.vcxproj", "{5527D03C-08E8-48AE-B5C0-0EB8F999E27F}"
EndProject
Project("{8BC9CEB8-8B4A-11D0-8D11-00A0C91BC942}") = "rmdtest", "demo\crypto\ripemd\rmdtest.vcxproj", "{D3098930-5B8C-4281-9292-3B870B0137FB}"
EndProject
Project("{8BC9CEB8-8B4A-11D0-8D11-00A0C91BC942}") = "rsatest", "demo\crypto\rsa\rsatest.vcxproj", "{6F093DE3-A2C1-4E21-A544-72DBDCF93F93}"
EndProject
Project("{8BC9CEB8-8B4A-11D0-8D11-00A0C91BC942}") = "sha1test", "demo\crypto\sha\sha1test.vcxproj", "{C55F356F-CD6C-404C-984F-F7DFE9FA591A}"
EndProject
Project("{8BC9CEB8-8B4A-11D0-8D11-00A0C91BC942}") = "sha256t", "demo\crypto\sha\sha256t.vcxproj", "{4383BE3D-214F-4BDB-A3AD-B9CE5255FD35}"
EndProject
Project("{8BC9CEB8-8B4A-11D0-8D11-00A0C91BC942}") = "sha512t", "demo\crypto\sha\sha512t.vcxproj", "{DC34F9AC-2706-48A6-8A8B-CF972F866F6D}"
EndProject
Project("{8BC9CEB8-8B4A-11D0-8D11-00A0C91BC942}") = "shatest", "demo\crypto\sha\shatest.vcxproj", "{92AFAC90-704F-4335-9F75-BE677AC80783}"
EndProject
Project("{8BC9CEB8-8B4A-11D0-8D11-00A0C91BC942}") = "gost", "demo\engines\ccgost\gost.vcxproj", "{6029C0A3-3E18-46E3-BAC6-6A6BC0E8719B}"
EndProject
Project("{8BC9CEB8-8B4A-11D0-8D11-00A0C91BC942}") = "libssleay32", "thirdparty\openssl-1.0.1g\libssleay32.vcxproj", "{24265BD3-3CF3-41A9-B137-53DBEC0F53BF}"
EndProject
Global
	GlobalSection(SolutionConfigurationPlatforms) = preSolution
		Debug|x64 = Debug|x64
		Release|x64 = Release|x64
	EndGlobalSection
	GlobalSection(ProjectConfigurationPlatforms) = postSolution
		{70ABE75C-FBC2-4C82-9103-B952FA5CD168}.Debug|x64.ActiveCfg = Debug|x64
		{70ABE75C-FBC2-4C82-9103-B952FA5CD168}.Debug|x64.Build.0 = Debug|x64
		{70ABE75C-FBC2-4C82-9103-B952FA5CD168}.Release|x64.ActiveCfg = Release|x64
		{70ABE75C-FBC2-4C82-9103-B952FA5CD168}.Release|x64.Build.0 = Release|x64
		{1044BA63-D9E0-4674-BD20-F4CD28CEC9E9}.Debug|x64.ActiveCfg = Debug|x64
		{1044BA63-D9E0-4674-BD20-F4CD28CEC9E9}.Debug|x64.Build.0 = Debug|x64
		{1044BA63-D9E0-4674-BD20-F4CD28CEC9E9}.Release|x64.ActiveCfg = Release|x64
		{1044BA63-D9E0-4674-BD20-F4CD28CEC9E9}.Release|x64.Build.0 = Release|x64
		{1E0A26D7-F00A-4EC1-8FE3-2DF8AD31116C}.Debug|x64.ActiveCfg = Debug|x64
		{1E0A26D7-F00A-4EC1-8FE3-2DF8AD31116C}.Debug|x64.Build.0 = Debug|x64
		{1E0A26D7-F00A-4EC1-8FE3-2DF8AD31116C}.Release|x64.ActiveCfg = Release|x64
		{1E0A26D7-F00A-4EC1-8FE3-2DF8AD31116C}.Release|x64.Build.0 = Release|x64
		{12786EB2-9295-4956-B342-483B92A2655D}.Debug|x64.ActiveCfg = Debug|x64
		{12786EB2-9295-4956-B342-483B92A2655D}.Debug|x64.Build.0 = Debug|x64
		{12786EB2-9295-4956-B342-483B92A2655D}.Release|x64.ActiveCfg = Release|x64
		{12786EB2-9295-4956-B342-483B92A2655D}.Release|x64.Build.0 = Release|x64
		{B24E41A0-81C5-457B-92A4-8F150C2C5B0F}.Debug|x64.ActiveCfg = Debug|x64
		{B24E41A0-81C5-457B-92A4-8F150C2C5B0F}.Debug|x64.Build.0 = Debug|x64
		{B24E41A0-81C5-457B-92A4-8F150C2C5B0F}.Release|x64.ActiveCfg = Release|x64
		{B24E41A0-81C5-457B-92A4-8F150C2C5B0F}.Release|x64.Build.0 = Release|x64
		{C6ABF92A-C972-4592-9649-53E4FFC66DBA}.Debug|x64.ActiveCfg = Debug|x64
		{C6ABF92A-C972-4592-9649-53E4FFC66DBA}.Debug|x64.Build.0 = Debug|x64
		{C6ABF92A-C972-4592-9649-53E4FFC66DBA}.Release|x64.ActiveCfg = Release|x64
		{C6ABF92A-C972-4592-9649-53E4FFC66DBA}.Release|x64.Build.0 = Release|x64
		{6B583F9D-D886-44B5-9437-D41F3A46422D}.Debug|x64.ActiveCfg = Debug|x64
		{6B583F9D-D886-44B5-9437-D41F3A46422D}.Debug|x64.Build.0 = Debug|x64
		{6B583F9D-D886-44B5-9437-D41F3A46422D}.Release|x64.ActiveCfg = Release|x64
		{6B583F9D-D886-44B5-9437-D41F3A46422D}.Release|x64.Build.0 = Release|x64
		{CDA7DE5E-64CA-4074-8313-B96F62DE9BAD}.Debug|x64.ActiveCfg = Debug|x64
		{CDA7DE5E-64CA-4074-8313-B96F62DE9BAD}.Debug|x64.Build.0 = Debug|x64
		{CDA7DE5E-64CA-4074-8313-B96F62DE9BAD}.Release|x64.ActiveCfg = Release|x64
		{CDA7DE5E-64CA-4074-8313-B96F62DE9BAD}.Release|x64.Build.0 = Release|x64
		{000B6E03-0A21-43AF-AB9E-B10215F97372}.Debug|x64.ActiveCfg = Debug|x64
		{000B6E03-0A21-43AF-AB9E-B10215F97372}.Debug|x64.Build.0 = Debug|x64
		{000B6E03-0A21-43AF-AB9E-B10215F97372}.Release|x64.ActiveCfg = Release|x64
		{000B6E03-0A21-43AF-AB9E-B10215F97372}.Release|x64.Build.0 = Release|x64
		{7CE02388-A2B2-437B-9C9E-40D5989FA47B}.Debug|x64.ActiveCfg = Debug|x64
		{7CE02388-A2B2-437B-9C9E-40D5989FA47B}.Debug|x64.Build.0 = Debug|x64
		{7CE02388-A2B2-437B-9C9E-40D5989FA47B}.Release|x64.ActiveCfg = Release|x64
		{7CE02388-A2B2-437B-9C9E-40D5989FA47B}.Release|x64.Build.0 = Release|x64
		{261BAB21-8E90-4EEB-B507-7281D65A5673}.Debug|x64.ActiveCfg = Debug|x64
		{261BAB21-8E90-4EEB-B507-7281D65A5673}.Debug|x64.Build.0 = Debug|x64
		{261BAB21-8E90-4EEB-B507-7281D65A5673}.Release|x64.ActiveCfg = Release|x64
		{261BAB21-8E90-4EEB-B507-7281D65A5673}.Release|x64.Build.0 = Release|x64
		{6BD58CDE-4117-4100-8F39-1983B0F35F19}.Debug|x64.ActiveCfg = Debug|x64
		{6BD58CDE-4117-4100-8F39-1983B0F35F19}.Debug|x64.Build.0 = Debug|x64
		{6BD58CDE-4117-4100-8F39-1983B0F35F19}.Release|x64.ActiveCfg = Release|x64
		{6BD58CDE-4117-4100-8F39-1983B0F35F19}.Release|x64.Build.0 = Release|x64
		{330526E6-0FBC-412A-8427-BCB2035DF5AA}.Debug|x64.ActiveCfg = Debug|x64
		{330526E6-0FBC-412A-8427-BCB2035DF5AA}.Debug|x64.Build.0 = Debug|x64
		{330526E6-0FBC-412A-8427-BCB2035DF5AA}.Release|x64.ActiveCfg = Release|x64
		{330526E6-0FBC-412A-8427-BCB2035DF5AA}.Release|x64.Build.0 = Release|x64
		{C14B8F56-AEDD-41B3-8DE7-E7FDE8D7C968}.Debug|x64.ActiveCfg = Debug|x64
		{C14B8F56-AEDD-41B3-8DE7-E7FDE8D7C968}.Debug|x64.Build.0 = Debug|x64
		{C14B8F56-AEDD-41B3-8DE7-E7FDE8D7C968}.Release|x64.ActiveCfg = Release|x64
		{C14B8F56-AEDD-41B3-8DE7-E7FDE8D7C968}.Release|x64.Build.0 = Release|x64
		{E64A4F2A-9E54-4922-864A-F16AF507F87F}.Debug|x64.ActiveCfg = Debug|x64
		{E64A4F2A-9E54-4922-864A-F16AF507F87F}.Debug|x64.Build.0 = Debug|x64
		{E64A4F2A-9E54-4922-864A-F16AF507F87F}.Release|x64.ActiveCfg = Release|x64
		{E64A4F2A-9E54-4922-864A-F16AF507F87F}.Release|x64.Build.0 = Release|x64
		{CEA1937F-38CC-429C-9E70-72BE243BCF69}.Debug|x64.ActiveCfg = Debug|x64
		{CEA1937F-38CC-429C-9E70-72BE243BCF69}.Debug|x64.Build.0 = Debug|x64
		{CEA1937F-38CC-429C-9E70-72BE243BCF69}.Release|x64.ActiveCfg = Release|x64
		{CEA1937F-38CC-429C-9E70-72BE243BCF69}.Release|x64.Build.0 = Release|x64
		{CF3A91F8-6144-4627-8CCA-13F6B2E5965F}.Debug|x64.ActiveCfg = Debug|x64
		{CF3A91F8-6144-4627-8CCA-13F6B2E5965F}.Debug|x64.Build.0 = Debug|x64
		{CF3A91F8-6144-4627-8CCA-13F6B2E5965F}.Release|x64.ActiveCfg = Release|x64
		{CF3A91F8-6144-4627-8CCA-13F6B2E5965F}.Release|x64.Build.0 = Release|x64
		{8D352A30-94B5-4809-A332-34D49B6AEE1E}.Debug|x64.ActiveCfg = Debug|x64
		{8D352A30-94B5-4809-A332-34D49B6AEE1E}.Debug|x64.Build.0 = Debug|x64
		{8D352A30-94B5-4809-A332-34D49B6AEE1E}.Release|x64.ActiveCfg = Release|x64
		{8D352A30-94B5-4809-A332-34D49B6AEE1E}.Release|x64.Build.0 = Release|x64
		{E21BD75D-E9D3-4958-B498-ED6E9F7DCB73}.Debug|x64.ActiveCfg = Debug|x64
		{E21BD75D-E9D3-4958-B498-ED6E9F7DCB73}.Debug|x64.Build.0 = Debug|x64
		{E21BD75D-E9D3-4958-B498-ED6E9F7DCB73}.Release|x64.ActiveCfg = Release|x64
		{E21BD75D-E9D3-4958-B498-ED6E9F7DCB73}.Release|x64.Build.0 = Release|x64
		{55FD7C72-3C86-48E2-B721-C5D142DC7441}.Debug|x64.ActiveCfg = Debug|x64
		{55FD7C72-3C86-48E2-B721-C5D142DC7441}.Debug|x64.Build.0 = Debug|x64
		{55FD7C72-3C86-48E2-B721-C5D142DC7441}.Release|x64.ActiveCfg = Release|x64
		{55FD7C72-3C86-48E2-B721-C5D142DC7441}.Release|x64.Build.0 = Release|x64
		{066B38BA-0EC4-4B34-A0D7-84A8895A0B5E}.Debug|x64.ActiveCfg = Debug|x64
		{066B38BA-0EC4-4B34-A0D7-84A8895A0B5E}.Debug|x64.Build.0 = Debug|x64
		{066B38BA-0EC4-4B34-A0D7-84A8895A0B5E}.Release|x64.ActiveCfg = Release|x64
		{066B38BA-0EC4-4B34-A0D7-84A8895A0B5E}.Release|x64.Build.0 = Release|x64
		{D93E394F-7ADA-4970-B909-3BC68F62B529}.Debug|x64.ActiveCfg = Debug|x64
		{D93E394F-7ADA-4970-B909-3BC68F62B529}.Debug|x64.Build.0 = Debug|x64
		{D93E394F-7ADA-4970-B909-3BC68F62B529}.Release|x64.ActiveCfg = Release|x64
		{D93E394F-7ADA-4970-B909-3BC68F62B529}.Release|x64.Build.0 = Release|x64
		{3389A9FE-6E6D-4BD1-9617-BC820E18AB63}.Debug|x64.ActiveCfg = Debug|x64
		{3389A9FE-6E6D-4BD1-9617-BC820E18AB63}.Debug|x64.Build.0 = Debug|x64
		{3389A9FE-6E6D-4BD1-9617-BC820E18AB63}.Release|x64.ActiveCfg = Release|x64
		{3389A9FE-6E6D-4BD1-9617-BC820E18AB63}.Release|x64.Build.0 = Release|x64
		{C12C45D4-0BF6-49A8-9190-0531D8246DF8}.Debug|x64.ActiveCfg = Debug|x64
		{C12C45D4-0BF6-49A8-9190-0531D8246DF8}.Debug|x64.Build.0 = Debug|x64
		{C12C45D4-0BF6-49A8-9190-0531D8246DF8}.Release|x64.ActiveCfg = Release|x64
		{C12C45D4-0BF6-49A8-9190-0531D8246DF8}.Release|x64.Build.0 = Release|x64
		{CDD502B5-F2E5-449D-8CE2-238277632F57}.Debug|x64.ActiveCfg = Debug|x64
		{CDD502B5-F2E5-449D-8CE2-238277632F57}.Debug|x64.Build.0 = Debug|x64
		{CDD502B5-F2E5-449D-8CE2-238277632F57}.Release|x64.ActiveCfg = Release|x64
		{CDD502B5-F2E5-449D-8CE2-238277632F57}.Release|x64.Build.0 = Release|x64
		{564C5FEA-ED6B-44C8-98E0-CB5E6C556551}.Debug|x64.ActiveCfg = Debug|x64
		{564C5FEA-ED6B-44C8-98E0-CB5E6C556551}.Debug|x64.Build.0 = Debug|x64
		{564C5FEA-ED6B-44C8-98E0-CB5E6C556551}.Release|x64.ActiveCfg = Release|x64
		{564C5FEA-ED6B-44C8-98E0-CB5E6C556551}.Release|x64.Build.0 = Release|x64
		{50650F29-D04B-4DC8-B5A2-DEB00CC28841}.Debug|x64.ActiveCfg = Debug|x64
		{50650F29-D04B-4DC8-B5A2-DEB00CC28841}.Debug|x64.Build.0 = Debug|x64
		{50650F29-D04B-4DC8-B5A2-DEB00CC28841}.Release|x64.ActiveCfg = Release|x64
		{50650F29-D04B-4DC8-B5A2-DEB00CC28841}.Release|x64.Build.0 = Release|x64
		{BC7C8767-5F83-4EE9-B5C0-C048C0CC53A8}.Debug|x64.ActiveCfg = Debug|x64
		{BC7C8767-5F83-4EE9-B5C0-C048C0CC53A8}.Debug|x64.Build.0 = Debug|x64
		{BC7C8767-5F83-4EE9-B5C0-C048C0CC53A8}.Release|x64.ActiveCfg = Release|x64
		{BC7C8767-5F83-4EE9-B5C0-C048C0CC53A8}.Release|x64.Build.0 = Release|x64
		{03A765A3-9DFA-4021-9A33-09EF44D072F6}.Debug|x64.ActiveCfg = Debug|x64
		{03A765A3-9DFA-4021-9A33-09EF44D072F6}.Debug|x64.Build.0 = Debug|x64
		{03A765A3-9DFA-4021-9A33-09EF44D072F6}.Release|x64.ActiveCfg = Release|x64
		{03A765A3-9DFA-4021-9A33-09EF44D072F6}.Release|x64.Build.0 = Release|x64
		{2FE2C73E-FCA8-4CBC-85E3-851CFABCE5EA}.Debug|x64.ActiveCfg = Debug|x64
		{2FE2C73E-FCA8-4CBC-85E3-851CFABCE5EA}.Debug|x64.Build.0 = Debug|x64
		{2FE2C73E-FCA8-4CBC-85E3-851CFABCE5EA}.Release|x64.ActiveCfg = Release|x64
		{2FE2C73E-FCA8-4CBC-85E3-851CFABCE5EA}.Release|x64.Build.0 = Release|x64
		{2B55AC20-8267-4E68-8A48-7ECC6B2A8F3D}.Debug|x64.ActiveCfg = Debug|x64
		{2B55AC20-8267-4E68-8A48-7ECC6B2A8F3D}.Debug|x64.Build.0 = Debug|x64
		{2B55AC20-8267-4E68-8A48-7ECC6B2A8F3D}.Release|x64.ActiveCfg = Release|x64
		{2B55AC20-8267-4E68-8A48-7ECC6B2A8F3D}.Release|x64.Build.0 = Release|x64
		{E77CE94B-7501-43B3-9E7B-0153F3FD7813}.Debug|x64.ActiveCfg = Debug|x64
		{E77CE94B-7501-43B3-9E7B-0153F3FD7813}.Debug|x64.Build.0 = Debug|x64
		{E77CE94B-7501-43B3-9E7B-0153F3FD7813}.Release|x64.ActiveCfg = Release|x64
		{E77CE94B-7501-43B3-9E7B-0153F3FD7813}.Release|x64.Build.0 = Release|x64
		{28BA5007-2107-419B-A1E7-54BAA87E048A}.Debug|x64.ActiveCfg = Debug|x64
		{28BA5007-2107-419B-A1E7-54BAA87E048A}.Debug|x64.Build.0 = Debug|x64
		{28BA5007-2107-419B-A1E7-54BAA87E048A}.Release|x64.ActiveCfg = Release|x64
		{28BA5007-2107-419B-A1E7-54BAA87E048A}.Release|x64.Build.0 = Release|x64
		{9CEB91E8-028F-477F-80E8-760AFF8D833A}.Debug|x64.ActiveCfg = Debug|x64
		{9CEB91E8-028F-477F-80E8-760AFF8D833A}.Debug|x64.Build.0 = Debug|x64
		{9CEB91E8-028F-477F-80E8-760AFF8D833A}.Release|x64.ActiveCfg = Release|x64
		{9CEB91E8-028F-477F-80E8-760AFF8D833A}.Release|x64.Build.0 = Release|x64
		{47169D4D-8167-408F-BCAF-4C469EA8153D}.Debug|x64.ActiveCfg = Debug|x64
		{47169D4D-8167-408F-BCAF-4C469EA8153D}.Debug|x64.Build.0 = Debug|x64
		{47169D4D-8167-408F-BCAF-4C469EA8153D}.Release|x64.ActiveCfg = Release|x64
		{47169D4D-8167-408F-BCAF-4C469EA8153D}.Release|x64.Build.0 = Release|x64
		{D694624B-CB11-4E12-B62F-31576309C9FC}.Debug|x64.ActiveCfg = Debug|x64
		{D694624B-CB11-4E12-B62F-31576309C9FC}.Debug|x64.Build.0 = Debug|x64
		{D694624B-CB11-4E12-B62F-31576309C9FC}.Release|x64.ActiveCfg = Release|x64
		{D694624B-CB11-4E12-B62F-31576309C9FC}.Release|x64.Build.0 = Release|x64
		{784C1694-7E5B-49B4-844E-E538F21594A5}.Debug|x64.ActiveCfg = Debug|x64
		{784C1694-7E5B-49B4-844E-E538F21594A5}.Debug|x64.Build.0 = Debug|x64
		{784C1694-7E5B-49B4-844E-E538F21594A5}.Release|x64.ActiveCfg = Release|x64
		{784C1694-7E5B-49B4-844E-E538F21594A5}.Release|x64.Build.0 = Release|x64
		{DC2A83D6-39EC-4652-8B3A-AEC53251A147}.Debug|x64.ActiveCfg = Debug|x64
		{DC2A83D6-39EC-4652-8B3A-AEC53251A147}.Debug|x64.Build.0 = Debug|x64
		{DC2A83D6-39EC-4652-8B3A-AEC53251A147}.Release|x64.ActiveCfg = Release|x64
		{DC2A83D6-39EC-4652-8B3A-AEC53251A147}.Release|x64.Build.0 = Release|x64
		{7CE4180F-8142-49D1-93B8-DF40C9FBB079}.Debug|x64.ActiveCfg = Debug|x64
		{7CE4180F-8142-49D1-93B8-DF40C9FBB079}.Debug|x64.Build.0 = Debug|x64
		{7CE4180F-8142-49D1-93B8-DF40C9FBB079}.Release|x64.ActiveCfg = Release|x64
		{7CE4180F-8142-49D1-93B8-DF40C9FBB079}.Release|x64.Build.0 = Release|x64
		{B932DA11-9874-434B-8398-CFB17A7C1AC3}.Debug|x64.ActiveCfg = Debug|x64
		{B932DA11-9874-434B-8398-CFB17A7C1AC3}.Debug|x64.Build.0 = Debug|x64
		{B932DA11-9874-434B-8398-CFB17A7C1AC3}.Release|x64.ActiveCfg = Release|x64
		{B932DA11-9874-434B-8398-CFB17A7C1AC3}.Release|x64.Build.0 = Release|x64
		{70E04838-DDE0-46EB-9990-FE413776408D}.Debug|x64.ActiveCfg = Debug|x64
		{70E04838-DDE0-46EB-9990-FE413776408D}.Debug|x64.Build.0 = Debug|x64
		{70E04838-DDE0-46EB-9990-FE413776408D}.Release|x64.ActiveCfg = Release|x64
		{70E04838-DDE0-46EB-9990-FE413776408D}.Release|x64.Build.0 = Release|x64
		{124C49DE-AC30-4246-81FB-D7CBBE49DB98}.Debug|x64.ActiveCfg = Debug|x64
		{124C49DE-AC30-4246-81FB-D7CBBE49DB98}.Debug|x64.Build.0 = Debug|x64
		{124C49DE-AC30-4246-81FB-D7CBBE49DB98}.Release|x64.ActiveCfg = Release|x64
		{124C49DE-AC30-4246-81FB-D7CBBE49DB98}.Release|x64.Build.0 = Release|x64
		{049DBB61-9629-41ED-AC0C-8EC6A8A691A7}.Debug|x64.ActiveCfg = Debug|x64
		{049DBB61-9629-41ED-AC0C-8EC6A8A691A7}.Debug|x64.Build.0 = Debug|x64
		{049DBB61-9629-41ED-AC0C-8EC6A8A691A7}.Release|x64.ActiveCfg = Release|x64
		{049DBB61-9629-41ED-AC0C-8EC6A8A691A7}.Release|x64.Build.0 = Release|x64
		{3F63B8DA-76DD-4B5B-9F5A-DFFCD325752B}.Debug|x64.ActiveCfg = Debug|x64
		{3F63B8DA-76DD-4B5B-9F5A-DFFCD325752B}.Debug|x64.Build.0 = Debug|x64
		{3F63B8DA-76DD-4B5B-9F5A-DFFCD325752B}.Release|x64.ActiveCfg = Release|x64
		{3F63B8DA-76DD-4B5B-9F5A-DFFCD325752B}.Release|x64.Build.0 = Release|x64
		{82588969-A1FD-4025-8554-09D0940FCFF7}.Debug|x64.ActiveCfg = Debug|x64
		{82588969-A1FD-4025-8554-09D0940FCFF7}.Debug|x64.Build.0 = Debug|x64
		{82588969-A1FD-4025-8554-09D0940FCFF7}.Release|x64.ActiveCfg = Release|x64
		{82588969-A1FD-4025-8554-09D0940FCFF7}.Release|x64.Build.0 = Release|x64
		{738CB610-B16F-4030-ADDA-1A4C4F40BCA4}.Debug|x64.ActiveCfg = Debug|x64
		{738CB610-B16F-4030-ADDA-1A4C4F40BCA4}.Debug|x64.Build.0 = Debug|x64
		{738CB610-B16F-4030-ADDA-1A4C4F40BCA4}.Release|x64.ActiveCfg = Release|x64
		{738CB610-B16F-4030-ADDA-1A4C4F40BCA4}.Release|x64.Build.0 = Release|x64
		{222637EF-DCBD-460E-B58C-047F858D7F02}.Debug|x64.ActiveCfg = Debug|x64
		{222637EF-DCBD-460E-B58C-047F858D7F02}.Debug|x64.Build.0 = Debug|x64
		{222637EF-DCBD-460E-B58C-047F858D7F02}.Release|x64.ActiveCfg = Release|x64
		{222637EF-DCBD-460E-B58C-047F858D7F02}.Release|x64.Build.0 = Release|x64
		{0CA9B8A6-8932-4338-8FC2-5640D5390726}.Debug|x64.ActiveCfg = Debug|x64
		{0CA9B8A6-8932-4338-8FC2-5640D5390726}.Debug|x64.Build.0 = Debug|x64
		{0CA9B8A6-8932-4338-8FC2-5640D5390726}.Release|x64.ActiveCfg = Release|x64
		{0CA9B8A6-8932-4338-8FC2-5640D5390726}.Release|x64.Build.0 = Release|x64
		{021FA9E3-67CD-4E7F-A1BB-6826E31B41FA}.Debug|x64.ActiveCfg = Debug|x64
		{021FA9E3-67CD-4E7F-A1BB-6826E31B41FA}.Debug|x64.Build.0 = Debug|x64
		{021FA9E3-67CD-4E7F-A1BB-6826E31B41FA}.Release|x64.ActiveCfg = Release|x64
		{021FA9E3-67CD-4E7F-A1BB-6826E31B41FA}.Release|x64.Build.0 = Release|x64
		{CD940D15-C186-4F71-9C7C-65A56B32064D}.Debug|x64.ActiveCfg = Debug|x64
		{CD940D15-C186-4F71-9C7C-65A56B32064D}.Debug|x64.Build.0 = Debug|x64
		{CD940D15-C186-4F71-9C7C-65A56B32064D}.Release|x64.ActiveCfg = Release|x64
		{CD940D15-C186-4F71-9C7C-65A56B32064D}.Release|x64.Build.0 = Release|x64
		{75BF026C-3B5F-49D0-82F7-A3528BD9581D}.Debug|x64.ActiveCfg = Debug|x64
		{75BF026C-3B5F-49D0-82F7-A3528BD9581D}.Debug|x64.Build.0 = Debug|x64
		{75BF026C-3B5F-49D0-82F7-A3528BD9581D}.Release|x64.ActiveCfg = Release|x64
		{75BF026C-3B5F-49D0-82F7-A3528BD9581D}.Release|x64.Build.0 = Release|x64
		{FFB0E9A5-8305-44BD-BB61-86AADEDEC60D}.Debug|x64.ActiveCfg = Debug|x64
		{FFB0E9A5-8305-44BD-BB61-86AADEDEC60D}.Debug|x64.Build.0 = Debug|x64
		{FFB0E9A5-8305-44BD-BB61-86AADEDEC60D}.Release|x64.ActiveCfg = Release|x64
		{FFB0E9A5-8305-44BD-BB61-86AADEDEC60D}.Release|x64.Build.0 = Release|x64
		{FC9711A6-3E83-4B79-B2BB-0976E15CA92B}.Debug|x64.ActiveCfg = Debug|x64
		{FC9711A6-3E83-4B79-B2BB-0976E15CA92B}.Debug|x64.Build.0 = Debug|x64
		{FC9711A6-3E83-4B79-B2BB-0976E15CA92B}.Release|x64.ActiveCfg = Release|x64
		{FC9711A6-3E83-4B79-B2BB-0976E15CA92B}.Release|x64.Build.0 = Release|x64
		{0302CCA6-4519-4B05-9F85-97634A4CA99E}.Debug|x64.ActiveCfg = Debug|x64
		{0302CCA6-4519-4B05-9F85-97634A4CA99E}.Debug|x64.Build.0 = Debug|x64
		{0302CCA6-4519-4B05-9F85-97634A4CA99E}.Release|x64.ActiveCfg = Release|x64
		{0302CCA6-4519-4B05-9F85-97634A4CA99E}.Release|x64.Build.0 = Release|x64
		{D4ED404E-DE52-47B7-BB0B-EEA7FD7C6A2D}.Debug|x64.ActiveCfg = Debug|x64
		{D4ED404E-DE52-47B7-BB0B-EEA7FD7C6A2D}.Debug|x64.Build.0 = Debug|x64
		{D4ED404E-DE52-47B7-BB0B-EEA7FD7C6A2D}.Release|x64.ActiveCfg = Release|x64
		{D4ED404E-DE52-47B7-BB0B-EEA7FD7C6A2D}.Release|x64.Build.0 = Release|x64
		{D0826FDE-96A3-4B85-BEFD-375D506811E4}.Debug|x64.ActiveCfg = Debug|x64
		{D0826FDE-96A3-4B85-BEFD-375D506811E4}.Debug|x64.Build.0 = Debug|x64
		{D0826FDE-96A3-4B85-BEFD-375D506811E4}.Release|x64.ActiveCfg = Release|x64
		{D0826FDE-96A3-4B85-BEFD-375D506811E4}.Release|x64.Build.0 = Release|x64
		{00C2137B-0425-4C2C-AA25-C1A2A47A8779}.Debug|x64.ActiveCfg = Debug|x64
		{00C2137B-0425-4C2C-AA25-C1A2A47A8779}.Debug|x64.Build.0 = Debug|x64
		{00C2137B-0425-4C2C-AA25-C1A2A47A8779}.Release|x64.ActiveCfg = Release|x64
		{00C2137B-0425-4C2C-AA25-C1A2A47A8779}.Release|x64.Build.0 = Release|x64
		{12337C9B-826E-4788-ADF6-7D99630C77CB}.Debug|x64.ActiveCfg = Debug|x64
		{12337C9B-826E-4788-ADF6-7D99630C77CB}.Debug|x64.Build.0 = Debug|x64
		{12337C9B-826E-4788-ADF6-7D99630C77CB}.Release|x64.ActiveCfg = Release|x64
		{12337C9B-826E-4788-ADF6-7D99630C77CB}.Release|x64.Build.0 = Release|x64
		{5329BFF3-50AE-4F64-AA0C-3237ED6DB651}.Debug|x64.ActiveCfg = Debug|x64
		{5329BFF3-50AE-4F64-AA0C-3237ED6DB651}.Debug|x64.Build.0 = Debug|x64
		{5329BFF3-50AE-4F64-AA0C-3237ED6DB651}.Release|x64.ActiveCfg = Release|x64
		{5329BFF3-50AE-4F64-AA0C-3237ED6DB651}.Release|x64.Build.0 = Release|x64
		{E55D4AAC-3083-482F-9ACC-CAB6A899D28B}.Debug|x64.ActiveCfg = Debug|x64
		{E55D4AAC-3083-482F-9ACC-CAB6A899D28B}.Debug|x64.Build.0 = Debug|x64
		{E55D4AAC-3083-482F-9ACC-CAB6A899D28B}.Release|x64.ActiveCfg = Release|x64
		{E55D4AAC-3083-482F-9ACC-CAB6A899D28B}.Release|x64.Build.0 = Release|x64
		{738A5FB9-8211-4D46-9FA1-AC608E2DC2F6}.Debug|x64.ActiveCfg = Debug|x64
		{738A5FB9-8211-4D46-9FA1-AC608E2DC2F6}.Debug|x64.Build.0 = Debug|x64
		{738A5FB9-8211-4D46-9FA1-AC608E2DC2F6}.Release|x64.ActiveCfg = Release|x64
		{738A5FB9-8211-4D46-9FA1-AC608E2DC2F6}.Release|x64.Build.0 = Release|x64
		{D28C0ECF-2CAC-477B-A9A2-5618024BD8B4}.Debug|x64.ActiveCfg = Debug|x64
		{D28C0ECF-2CAC-477B-A9A2-5618024BD8B4}.Debug|x64.Build.0 = Debug|x64
		{D28C0ECF-2CAC-477B-A9A2-5618024BD8B4}.Release|x64.ActiveCfg = Release|x64
		{D28C0ECF-2CAC-477B-A9A2-5618024BD8B4}.Release|x64.Build.0 = Release|x64
		{F39D37D9-EC2F-4718-99AD-96AE0F23EB75}.Debug|x64.ActiveCfg = Debug|x64
		{F39D37D9-EC2F-4718-99AD-96AE0F23EB75}.Debug|x64.Build.0 = Debug|x64
		{F39D37D9-EC2F-4718-99AD-96AE0F23EB75}.Release|x64.ActiveCfg = Release|x64
		{F39D37D9-EC2F-4718-99AD-96AE0F23EB75}.Release|x64.Build.0 = Release|x64
		{3BC2F274-6EA2-4711-AC25-917F468CAF77}.Debug|x64.ActiveCfg = Debug|x64
		{3BC2F274-6EA2-4711-AC25-917F468CAF77}.Debug|x64.Build.0 = Debug|x64
		{3BC2F274-6EA2-4711-AC25-917F468CAF77}.Release|x64.ActiveCfg = Release|x64
		{3BC2F274-6EA2-4711-AC25-917F468CAF77}.Release|x64.Build.0 = Release|x64
		{7FBDB4E6-DF45-4A69-AEB9-1F0735B6F896}.Debug|x64.ActiveCfg = Debug|x64
		{7FBDB4E6-DF45-4A69-AEB9-1F0735B6F896}.Debug|x64.Build.0 = Debug|x64
		{7FBDB4E6-DF45-4A69-AEB9-1F0735B6F896}.Release|x64.ActiveCfg = Release|x64
		{7FBDB4E6-DF45-4A69-AEB9-1F0735B6F896}.Release|x64.Build.0 = Release|x64
		{45D3C378-FBF1-46B0-88CA-98F2480BDFE9}.Debug|x64.ActiveCfg = Debug|x64
		{45D3C378-FBF1-46B0-88CA-98F2480BDFE9}.Debug|x64.Build.0 = Debug|x64
		{45D3C378-FBF1-46B0-88CA-98F2480BDFE9}.Release|x64.ActiveCfg = Release|x64
		{45D3C378-FBF1-46B0-88CA-98F2480BDFE9}.Release|x64.Build.0 = Release|x64
		{12D79C3D-4496-42D2-8F19-50DAAF5A81B8}.Debug|x64.ActiveCfg = Debug|x64
		{12D79C3D-4496-42D2-8F19-50DAAF5A81B8}.Debug|x64.Build.0 = Debug|x64
		{12D79C3D-4496-42D2-8F19-50DAAF5A81B8}.Release|x64.ActiveCfg = Release|x64
		{12D79C3D-4496-42D2-8F19-50DAAF5A81B8}.Release|x64.Build.0 = Release|x64
		{06B1E39D-5206-49A0-9CB6-A797F15D6E62}.Debug|x64.ActiveCfg = Debug|x64
		{06B1E39D-5206-49A0-9CB6-A797F15D6E62}.Debug|x64.Build.0 = Debug|x64
		{06B1E39D-5206-49A0-9CB6-A797F15D6E62}.Release|x64.ActiveCfg = Release|x64
		{06B1E39D-5206-49A0-9CB6-A797F15D6E62}.Release|x64.Build.0 = Release|x64
		{6974DDE2-E0CD-47FF-9F19-527512074ED3}.Debug|x64.ActiveCfg = Debug|x64
		{6974DDE2-E0CD-47FF-9F19-527512074ED3}.Debug|x64.Build.0 = Debug|x64
		{6974DDE2-E0CD-47FF-9F19-527512074ED3}.Release|x64.ActiveCfg = Release|x64
		{6974DDE2-E0CD-47FF-9F19-527512074ED3}.Release|x64.Build.0 = Release|x64
		{0A4EF84C-DE65-4368-9B18-29EF9E327A7A}.Debug|x64.ActiveCfg = Debug|x64
		{0A4EF84C-DE65-4368-9B18-29EF9E327A7A}.Debug|x64.Build.0 = Debug|x64
		{0A4EF84C-DE65-4368-9B18-29EF9E327A7A}.Release|x64.ActiveCfg = Release|x64
		{0A4EF84C-DE65-4368-9B18-29EF9E327A7A}.Release|x64.Build.0 = Release|x64
		{4AF998F6-81B2-48BD-8A86-81CB0878AA66}.Debug|x64.ActiveCfg = Debug|x64
		{4AF998F6-81B2-48BD-8A86-81CB0878AA66}.Debug|x64.Build.0 = Debug|x64
		{4AF998F6-81B2-48BD-8A86-81CB0878AA66}.Release|x64.ActiveCfg = Release|x64
		{4AF998F6-81B2-48BD-8A86-81CB0878AA66}.Release|x64.Build.0 = Release|x64
		{C8A873F7-B592-4B59-A6E5-F1730F534C27}.Debug|x64.ActiveCfg = Debug|x64
		{C8A873F7-B592-4B59-A6E5-F1730F534C27}.Debug|x64.Build.0 = Debug|x64
		{C8A873F7-B592-4B59-A6E5-F1730F534C27}.Release|x64.ActiveCfg = Release|x64
		{C8A873F7-B592-4B59-A6E5-F1730F534C27}.Release|x64.Build.0 = Release|x64
		{5FB6BCA9-36B9-43E4-A542-3E278A4ED1D1}.Debug|x64.ActiveCfg = Debug|x64
		{5FB6BCA9-36B9-43E4-A542-3E278A4ED1D1}.Debug|x64.Build.0 = Debug|x64
		{5FB6BCA9-36B9-43E4-A542-3E278A4ED1D1}.Release|x64.ActiveCfg = Release|x64
		{5FB6BCA9-36B9-43E4-A542-3E278A4ED1D1}.Release|x64.Build.0 = Release|x64
		{3A588793-F27C-478B-9BC7-79188EE4EC82}.Debug|x64.ActiveCfg = Debug|x64
		{3A588793-F27C-478B-9BC7-79188EE4EC82}.Debug|x64.Build.0 = Debug|x64
		{3A588793-F27C-478B-9BC7-79188EE4EC82}.Release|x64.ActiveCfg = Release|x64
		{3A588793-F27C-478B-9BC7-79188EE4EC82}.Release|x64.Build.0 = Release|x64
		{44242473-294B-4579-A82B-6916F2D06DF8}.Debug|x64.ActiveCfg = Debug|x64
		{44242473-294B-4579-A82B-6916F2D06DF8}.Debug|x64.Build.0 = Debug|x64
		{44242473-294B-4579-A82B-6916F2D06DF8}.Release|x64.ActiveCfg = Release|x64
		{44242473-294B-4579-A82B-6916F2D06DF8}.Release|x64.Build.0 = Release|x64
		{64B0DCE6-106F-4F04-82FC-97875B214E97}.Debug|x64.ActiveCfg = Debug|x64
		{64B0DCE6-106F-4F04-82FC-97875B214E97}.Debug|x64.Build.0 = Debug|x64
		{64B0DCE6-106F-4F04-82FC-97875B214E97}.Release|x64.ActiveCfg = Release|x64
		{64B0DCE6-106F-4F04-82FC-97875B214E97}.Release|x64.Build.0 = Release|x64
		{F3A7BDA0-AA05-4216-B02C-E57292321A0A}.Debug|x64.ActiveCfg = Debug|x64
		{F3A7BDA0-AA05-4216-B02C-E57292321A0A}.Debug|x64.Build.0 = Debug|x64
		{F3A7BDA0-AA05-4216-B02C-E57292321A0A}.Release|x64.ActiveCfg = Release|x64
		{F3A7BDA0-AA05-4216-B02C-E57292321A0A}.Release|x64.Build.0 = Release|x64
		{AD5848B9-D9D3-4C5F-BA51-96B3A1D4E4AB}.Debug|x64.ActiveCfg = Debug|x64
		{AD5848B9-D9D3-4C5F-BA51-96B3A1D4E4AB}.Debug|x64.Build.0 = Debug|x64
		{AD5848B9-D9D3-4C5F-BA51-96B3A1D4E4AB}.Release|x64.ActiveCfg = Release|x64
		{AD5848B9-D9D3-4C5F-BA51-96B3A1D4E4AB}.Release|x64.Build.0 = Release|x64
		{0C735929-2B68-45D5-82BD-5F1E2CD66501}.Debug|x64.ActiveCfg = Debug|x64
		{0C735929-2B68-45D5-82BD-5F1E2CD66501}.Debug|x64.Build.0 = Debug|x64
		{0C735929-2B68-45D5-82BD-5F1E2CD66501}.Release|x64.ActiveCfg = Release|x64
		{0C735929-2B68-45D5-82BD-5F1E2CD66501}.Release|x64.Build.0 = Release|x64
		{F10C1C0B-E58E-42A8-B151-0A069E503173}.Debug|x64.ActiveCfg = Debug|x64
		{F10C1C0B-E58E-42A8-B151-0A069E503173}.Debug|x64.Build.0 = Debug|x64
		{F10C1C0B-E58E-42A8-B151-0A069E503173}.Release|x64.ActiveCfg = Release|x64
		{F10C1C0B-E58E-42A8-B151-0A069E503173}.Release|x64.Build.0 = Release|x64
		{52F5010F-768E-4206-9EF6-C1ED30F8F8A1}.Debug|x64.ActiveCfg = Debug|x64
		{52F5010F-768E-4206-9EF6-C1ED30F8F8A1}.Debug|x64.Build.0 = Debug|x64
		{52F5010F-768E-4206-9EF6-C1ED30F8F8A1}.Release|x64.ActiveCfg = Release|x64
		{52F5010F-768E-4206-9EF6-C1ED30F8F8A1}.Release|x64.Build.0 = Release|x64
		{0A113937-4FC5-4649-96F1-AF1E91CA93CE}.Debug|x64.ActiveCfg = Debug|x64
		{0A113937-4FC5-4649-96F1-AF1E91CA93CE}.Debug|x64.Build.0 = Debug|x64
		{0A113937-4FC5-4649-96F1-AF1E91CA93CE}.Release|x64.ActiveCfg = Release|x64
		{0A113937-4FC5-4649-96F1-AF1E91CA93CE}.Release|x64.Build.0 = Release|x64
		{95AE939C-F0F7-48C8-B1DC-0B5AD181CFD6}.Debug|x64.ActiveCfg = Debug|x64
		{95AE939C-F0F7-48C8-B1DC-0B5AD181CFD6}.Debug|x64.Build.0 = Debug|x64
		{95AE939C-F0F7-48C8-B1DC-0B5AD181CFD6}.Release|x64.ActiveCfg = Release|x64
		{95AE939C-F0F7-48C8-B1DC-0B5AD181CFD6}.Release|x64.Build.0 = Release|x64
		{CDD074EB-5273-4FC3-A7B1-E2D7B79F16FE}.Debug|x64.ActiveCfg = Debug|x64
		{CDD074EB-5273-4FC3-A7B1-E2D7B79F16FE}.Debug|x64.Build.0 = Debug|x64
		{CDD074EB-5273-4FC3-A7B1-E2D7B79F16FE}.Release|x64.ActiveCfg = Release|x64
		{CDD074EB-5273-4FC3-A7B1-E2D7B79F16FE}.Release|x64.Build.0 = Release|x64
		{5527D03C-08E8-48AE-B5C0-0EB8F999E27F}.Debug|x64.ActiveCfg = Debug|x64
		{5527D03C-08E8-48AE-B5C0-0EB8F999E27F}.Debug|x64.Build.0 = Debug|x64
		{5527D03C-08E8-48AE-B5C0-0EB8F999E27F}.Release|x64.ActiveCfg = Release|x64
		{5527D03C-08E8-48AE-B5C0-0EB8F999E27F}.Release|x64.Build.0 = Release|x64
		{D3098930-5B8C-4281-9292-3B870B0137FB}.Debug|x64.ActiveCfg = Debug|x64
		{D3098930-5B8C-4281-9292-3B870B0137FB}.Debug|x64.Build.0 = Debug|x64
		{D3098930-5B8C-4281-9292-3B870B0137FB}.Release|x64.ActiveCfg = Release|x64
		{D3098930-5B8C-4281-9292-3B870B0137FB}.Release|x64.Build.0 = Release|x64
		{6F093DE3-A2C1-4E21-A544-72DBDCF93F93}.Debug|x64.ActiveCfg = Debug|x64
		{6F093DE3-A2C1-4E21-A544-72DBDCF93F93}.Debug|x64.Build.0 = Debug|x64
		{6F093DE3-A2C1-4E21-A544-72DBDCF93F93}.Release|x64.ActiveCfg = Release|x64
		{6F093DE3-A2C1-4E21-A544-72DBDCF93F93}.Release|x64.Build.0 = Release|x64
		{C55F356F-CD6C-404C-984F-F7DFE9FA591A}.Debug|x64.ActiveCfg = Debug|x64
		{C55F356F-CD6C-404C-984F-F7DFE9FA591A}.Debug|x64.Build.0 = Debug|x64
		{C55F356F-CD6C-404C-984F-F7DFE9FA591A}.Release|x64.ActiveCfg = Release|x64
		{C55F356F-CD6C-404C-984F-F7DFE9FA591A}.Release|x64.Build.0 = Release|x64
		{4383BE3D-214F-4BDB-A3AD-B9CE5255FD35}.Debug|x64.ActiveCfg = Debug|x64
		{4383BE3D-214F-4BDB-A3AD-B9CE5255FD35}.Debug|x64.Build.0 = Debug|x64
		{4383BE3D-214F-4BDB-A3AD-B9CE5255FD35}.Release|x64.ActiveCfg = Release|x64
		{4383BE3D-214F-4BDB-A3AD-B9CE5255FD35}.Release|x64.Build.0 = Release|x64
		{DC34F9AC-2706-48A6-8A8B-CF972F866F6D}.Debug|x64.ActiveCfg = Debug|x64
		{DC34F9AC-2706-48A6-8A8B-CF972F866F6D}.Debug|x64.Build.0 = Debug|x64
		{DC34F9AC-2706-48A6-8A8B-CF972F866F6D}.Release|x64.ActiveCfg = Release|x64
		{DC34F9AC-2706-48A6-8A8B-CF972F866F6D}.Release|x64.Build.0 = Release|x64
		{92AFAC90-704F-4335-9F75-BE677AC80783}.Debug|x64.ActiveCfg = Debug|x64
		{92AFAC90-704F-4335-9F75-BE677AC80783}.Debug|x64.Build.0 = Debug|x64
		{92AFAC90-704F-4335-9F75-BE677AC80783}.Release|x64.ActiveCfg = Release|x64
		{92AFAC90-704F-4335-9F75-BE677AC80783}.Release|x64.Build.0 = Release|x64
		{6029C0A3-3E18-46E3-BAC6-6A6BC0E8719B}.Debug|x64.ActiveCfg = Debug|x64
		{6029C0A3-3E18-46E3-BAC6-6A6BC0E8719B}.Debug|x64.Build.0 = Debug|x64
		{6029C0A3-3E18-46E3-BAC6-6A6BC0E8719B}.Release|x64.ActiveCfg = Release|x64
		{6029C0A3-3E18-46E3-BAC6-6A6BC0E8719B}.Release|x64.Build.0 = Release|x64
		{24265BD3-3CF3-41A9-B137-53DBEC0F53BF}.Debug|x64.ActiveCfg = Debug|x64
		{24265BD3-3CF3-41A9-B137-53DBEC0F53BF}.Debug|x64.Build.0 = Debug|x64
		{24265BD3-3CF3-41A9-B137-53DBEC0F53BF}.Release|x64.ActiveCfg = Release|x64
		{24265BD3-3CF3-41A9-B137-53DBEC0F53BF}.Release|x64.Build.0 = Release|x64
	EndGlobalSection
	GlobalSection(SolutionProperties) = preSolution
		HideSolutionNode = FALSE
	EndGlobalSection
	GlobalSection(NestedProjects) = preSolution
		{18240EC3-4F23-41DD-80EF-870873D818C4} = {376ADE30-A5AC-4668-A892-E069A70A624C}
		{70ABE75C-FBC2-4C82-9103-B952FA5CD168} = {18240EC3-4F23-41DD-80EF-870873D818C4}
		{23C5D86E-3C62-492E-8D97-9F12A1D29750} = {E9D240E3-204C-4FCA-98C7-9ABFF5877FC3}
		{1FFB41FE-59D2-4A9E-AC1A-491D6BDFF83F} = {E9D240E3-204C-4FCA-98C7-9ABFF5877FC3}
		{1044BA63-D9E0-4674-BD20-F4CD28CEC9E9} = {1FFB41FE-59D2-4A9E-AC1A-491D6BDFF83F}
		{1E0A26D7-F00A-4EC1-8FE3-2DF8AD31116C} = {1FFB41FE-59D2-4A9E-AC1A-491D6BDFF83F}
		{12786EB2-9295-4956-B342-483B92A2655D} = {23C5D86E-3C62-492E-8D97-9F12A1D29750}
		{B24E41A0-81C5-457B-92A4-8F150C2C5B0F} = {1FFB41FE-59D2-4A9E-AC1A-491D6BDFF83F}
		{87C207D0-C160-40F0-86AD-4E8E11DCB2B7} = {E9D240E3-204C-4FCA-98C7-9ABFF5877FC3}
		{C6ABF92A-C972-4592-9649-53E4FFC66DBA} = {87C207D0-C160-40F0-86AD-4E8E11DCB2B7}
		{6B583F9D-D886-44B5-9437-D41F3A46422D} = {87C207D0-C160-40F0-86AD-4E8E11DCB2B7}
		{CDA7DE5E-64CA-4074-8313-B96F62DE9BAD} = {23C5D86E-3C62-492E-8D97-9F12A1D29750}
		{000B6E03-0A21-43AF-AB9E-B10215F97372} = {1FFB41FE-59D2-4A9E-AC1A-491D6BDFF83F}
		{7CE02388-A2B2-437B-9C9E-40D5989FA47B} = {87C207D0-C160-40F0-86AD-4E8E11DCB2B7}
		{261BAB21-8E90-4EEB-B507-7281D65A5673} = {1FFB41FE-59D2-4A9E-AC1A-491D6BDFF83F}
		{6BD58CDE-4117-4100-8F39-1983B0F35F19} = {23C5D86E-3C62-492E-8D97-9F12A1D29750}
		{330526E6-0FBC-412A-8427-BCB2035DF5AA} = {23C5D86E-3C62-492E-8D97-9F12A1D29750}
		{C14B8F56-AEDD-41B3-8DE7-E7FDE8D7C968} = {23C5D86E-3C62-492E-8D97-9F12A1D29750}
		{E64A4F2A-9E54-4922-864A-F16AF507F87F} = {1FFB41FE-59D2-4A9E-AC1A-491D6BDFF83F}
		{CEA1937F-38CC-429C-9E70-72BE243BCF69} = {87C207D0-C160-40F0-86AD-4E8E11DCB2B7}
		{CF3A91F8-6144-4627-8CCA-13F6B2E5965F} = {23C5D86E-3C62-492E-8D97-9F12A1D29750}
		{8D352A30-94B5-4809-A332-34D49B6AEE1E} = {23C5D86E-3C62-492E-8D97-9F12A1D29750}
		{E21BD75D-E9D3-4958-B498-ED6E9F7DCB73} = {23C5D86E-3C62-492E-8D97-9F12A1D29750}
		{55FD7C72-3C86-48E2-B721-C5D142DC7441} = {23C5D86E-3C62-492E-8D97-9F12A1D29750}
		{066B38BA-0EC4-4B34-A0D7-84A8895A0B5E} = {23C5D86E-3C62-492E-8D97-9F12A1D29750}
		{D93E394F-7ADA-4970-B909-3BC68F62B529} = {23C5D86E-3C62-492E-8D97-9F12A1D29750}
		{3389A9FE-6E6D-4BD1-9617-BC820E18AB63} = {23C5D86E-3C62-492E-8D97-9F12A1D29750}
		{C12C45D4-0BF6-49A8-9190-0531D8246DF8} = {23C5D86E-3C62-492E-8D97-9F12A1D29750}
		{CDD502B5-F2E5-449D-8CE2-238277632F57} = {23C5D86E-3C62-492E-8D97-9F12A1D29750}
		{564C5FEA-ED6B-44C8-98E0-CB5E6C556551} = {23C5D86E-3C62-492E-8D97-9F12A1D29750}
		{50650F29-D04B-4DC8-B5A2-DEB00CC28841} = {23C5D86E-3C62-492E-8D97-9F12A1D29750}
		{BC7C8767-5F83-4EE9-B5C0-C048C0CC53A8} = {23C5D86E-3C62-492E-8D97-9F12A1D29750}
		{03A765A3-9DFA-4021-9A33-09EF44D072F6} = {23C5D86E-3C62-492E-8D97-9F12A1D29750}
		{2FE2C73E-FCA8-4CBC-85E3-851CFABCE5EA} = {23C5D86E-3C62-492E-8D97-9F12A1D29750}
		{2B55AC20-8267-4E68-8A48-7ECC6B2A8F3D} = {23C5D86E-3C62-492E-8D97-9F12A1D29750}
		{E77CE94B-7501-43B3-9E7B-0153F3FD7813} = {23C5D86E-3C62-492E-8D97-9F12A1D29750}
		{28BA5007-2107-419B-A1E7-54BAA87E048A} = {23C5D86E-3C62-492E-8D97-9F12A1D29750}
		{9CEB91E8-028F-477F-80E8-760AFF8D833A} = {23C5D86E-3C62-492E-8D97-9F12A1D29750}
		{47169D4D-8167-408F-BCAF-4C469EA8153D} = {23C5D86E-3C62-492E-8D97-9F12A1D29750}
		{D694624B-CB11-4E12-B62F-31576309C9FC} = {23C5D86E-3C62-492E-8D97-9F12A1D29750}
		{784C1694-7E5B-49B4-844E-E538F21594A5} = {23C5D86E-3C62-492E-8D97-9F12A1D29750}
		{DC2A83D6-39EC-4652-8B3A-AEC53251A147} = {23C5D86E-3C62-492E-8D97-9F12A1D29750}
		{7CE4180F-8142-49D1-93B8-DF40C9FBB079} = {23C5D86E-3C62-492E-8D97-9F12A1D29750}
		{B932DA11-9874-434B-8398-CFB17A7C1AC3} = {23C5D86E-3C62-492E-8D97-9F12A1D29750}
		{70E04838-DDE0-46EB-9990-FE413776408D} = {23C5D86E-3C62-492E-8D97-9F12A1D29750}
		{124C49DE-AC30-4246-81FB-D7CBBE49DB98} = {23C5D86E-3C62-492E-8D97-9F12A1D29750}
		{049DBB61-9629-41ED-AC0C-8EC6A8A691A7} = {23C5D86E-3C62-492E-8D97-9F12A1D29750}
		{3F63B8DA-76DD-4B5B-9F5A-DFFCD325752B} = {23C5D86E-3C62-492E-8D97-9F12A1D29750}
		{82588969-A1FD-4025-8554-09D0940FCFF7} = {23C5D86E-3C62-492E-8D97-9F12A1D29750}
		{738CB610-B16F-4030-ADDA-1A4C4F40BCA4} = {23C5D86E-3C62-492E-8D97-9F12A1D29750}
		{222637EF-DCBD-460E-B58C-047F858D7F02} = {23C5D86E-3C62-492E-8D97-9F12A1D29750}
		{0CA9B8A6-8932-4338-8FC2-5640D5390726} = {23C5D86E-3C62-492E-8D97-9F12A1D29750}
		{021FA9E3-67CD-4E7F-A1BB-6826E31B41FA} = {23C5D86E-3C62-492E-8D97-9F12A1D29750}
		{CD940D15-C186-4F71-9C7C-65A56B32064D} = {23C5D86E-3C62-492E-8D97-9F12A1D29750}
		{75BF026C-3B5F-49D0-82F7-A3528BD9581D} = {23C5D86E-3C62-492E-8D97-9F12A1D29750}
		{FFB0E9A5-8305-44BD-BB61-86AADEDEC60D} = {23C5D86E-3C62-492E-8D97-9F12A1D29750}
		{FC9711A6-3E83-4B79-B2BB-0976E15CA92B} = {23C5D86E-3C62-492E-8D97-9F12A1D29750}
		{0302CCA6-4519-4B05-9F85-97634A4CA99E} = {23C5D86E-3C62-492E-8D97-9F12A1D29750}
		{D4ED404E-DE52-47B7-BB0B-EEA7FD7C6A2D} = {23C5D86E-3C62-492E-8D97-9F12A1D29750}
		{D0826FDE-96A3-4B85-BEFD-375D506811E4} = {23C5D86E-3C62-492E-8D97-9F12A1D29750}
		{00C2137B-0425-4C2C-AA25-C1A2A47A8779} = {23C5D86E-3C62-492E-8D97-9F12A1D29750}
		{12337C9B-826E-4788-ADF6-7D99630C77CB} = {23C5D86E-3C62-492E-8D97-9F12A1D29750}
		{5329BFF3-50AE-4F64-AA0C-3237ED6DB651} = {23C5D86E-3C62-492E-8D97-9F12A1D29750}
		{E55D4AAC-3083-482F-9ACC-CAB6A899D28B} = {23C5D86E-3C62-492E-8D97-9F12A1D29750}
		{738A5FB9-8211-4D46-9FA1-AC608E2DC2F6} = {23C5D86E-3C62-492E-8D97-9F12A1D29750}
		{52F12F16-8172-4264-9FFB-0CBE4203ED59} = {376ADE30-A5AC-4668-A892-E069A70A624C}
		{D28C0ECF-2CAC-477B-A9A2-5618024BD8B4} = {52F12F16-8172-4264-9FFB-0CBE4203ED59}
		{F39D37D9-EC2F-4718-99AD-96AE0F23EB75} = {1FFB41FE-59D2-4A9E-AC1A-491D6BDFF83F}
		{3BC2F274-6EA2-4711-AC25-917F468CAF77} = {1FFB41FE-59D2-4A9E-AC1A-491D6BDFF83F}
		{7FBDB4E6-DF45-4A69-AEB9-1F0735B6F896} = {1FFB41FE-59D2-4A9E-AC1A-491D6BDFF83F}
		{45D3C378-FBF1-46B0-88CA-98F2480BDFE9} = {1FFB41FE-59D2-4A9E-AC1A-491D6BDFF83F}
		{12D79C3D-4496-42D2-8F19-50DAAF5A81B8} = {1FFB41FE-59D2-4A9E-AC1A-491D6BDFF83F}
		{EF590F2B-EF0A-4B15-AF9E-B8B0EA3B13D0} = {E9D240E3-204C-4FCA-98C7-9ABFF5877FC3}
		{06B1E39D-5206-49A0-9CB6-A797F15D6E62} = {EF590F2B-EF0A-4B15-AF9E-B8B0EA3B13D0}
		{6974DDE2-E0CD-47FF-9F19-527512074ED3} = {87C207D0-C160-40F0-86AD-4E8E11DCB2B7}
		{0A4EF84C-DE65-4368-9B18-29EF9E327A7A} = {87C207D0-C160-40F0-86AD-4E8E11DCB2B7}
		{4AF998F6-81B2-48BD-8A86-81CB0878AA66} = {87C207D0-C160-40F0-86AD-4E8E11DCB2B7}
		{C8A873F7-B592-4B59-A6E5-F1730F534C27} = {87C207D0-C160-40F0-86AD-4E8E11DCB2B7}
		{5FB6BCA9-36B9-43E4-A542-3E278A4ED1D1} = {87C207D0-C160-40F0-86AD-4E8E11DCB2B7}
		{3A588793-F27C-478B-9BC7-79188EE4EC82} = {87C207D0-C160-40F0-86AD-4E8E11DCB2B7}
		{44242473-294B-4579-A82B-6916F2D06DF8} = {87C207D0-C160-40F0-86AD-4E8E11DCB2B7}
		{64B0DCE6-106F-4F04-82FC-97875B214E97} = {87C207D0-C160-40F0-86AD-4E8E11DCB2B7}
		{F3A7BDA0-AA05-4216-B02C-E57292321A0A} = {87C207D0-C160-40F0-86AD-4E8E11DCB2B7}
		{AD5848B9-D9D3-4C5F-BA51-96B3A1D4E4AB} = {87C207D0-C160-40F0-86AD-4E8E11DCB2B7}
		{0C735929-2B68-45D5-82BD-5F1E2CD66501} = {87C207D0-C160-40F0-86AD-4E8E11DCB2B7}
		{F10C1C0B-E58E-42A8-B151-0A069E503173} = {87C207D0-C160-40F0-86AD-4E8E11DCB2B7}
		{52F5010F-768E-4206-9EF6-C1ED30F8F8A1} = {87C207D0-C160-40F0-86AD-4E8E11DCB2B7}
		{0A113937-4FC5-4649-96F1-AF1E91CA93CE} = {87C207D0-C160-40F0-86AD-4E8E11DCB2B7}
		{95AE939C-F0F7-48C8-B1DC-0B5AD181CFD6} = {87C207D0-C160-40F0-86AD-4E8E11DCB2B7}
		{CDD074EB-5273-4FC3-A7B1-E2D7B79F16FE} = {87C207D0-C160-40F0-86AD-4E8E11DCB2B7}
		{5527D03C-08E8-48AE-B5C0-0EB8F999E27F} = {87C207D0-C160-40F0-86AD-4E8E11DCB2B7}
		{D3098930-5B8C-4281-9292-3B870B0137FB} = {87C207D0-C160-40F0-86AD-4E8E11DCB2B7}
		{6F093DE3-A2C1-4E21-A544-72DBDCF93F93} = {87C207D0-C160-40F0-86AD-4E8E11DCB2B7}
		{C55F356F-CD6C-404C-984F-F7DFE9FA591A} = {87C207D0-C160-40F0-86AD-4E8E11DCB2B7}
		{4383BE3D-214F-4BDB-A3AD-B9CE5255FD35} = {87C207D0-C160-40F0-86AD-4E8E11DCB2B7}
		{DC34F9AC-2706-48A6-8A8B-CF972F866F6D} = {87C207D0-C160-40F0-86AD-4E8E11DCB2B7}
		{92AFAC90-704F-4335-9F75-BE677AC80783} = {87C207D0-C160-40F0-86AD-4E8E11DCB2B7}
		{6029C0A3-3E18-46E3-BAC6-6A6BC0E8719B} = {1FFB41FE-59D2-4A9E-AC1A-491D6BDFF83F}
		{24265BD3-3CF3-41A9-B137-53DBEC0F53BF} = {18240EC3-4F23-41DD-80EF-870873D818C4}
	EndGlobalSection
	GlobalSection(ExtensibilityGlobals) = postSolution
		SolutionGuid = {0A8CEE52-492A-4393-9DD8-1A14948800DE}
	EndGlobalSection
EndGlobal
